
Microsoft Visual Studio Solution File, Format Version 12.00
# Visual Studio Version 16
VisualStudioVersion = 16.0.30804.86
MinimumVisualStudioVersion = 10.0.40219.1
Project("{8BC9CEB8-8B4A-11D0-8D11-00A0C91BC942}") = "workshop4_home", "workshop4_home.vcxproj", "{08A4BE98-699B-45CB-8507-8922F2515DE0}"
EndProject
Project("{8BC9CEB8-8B4A-11D0-8D11-00A0C91BC942}") = "lab", "..\lab\lab.vcxproj", "{1A245B20-FBCA-46FF-B0AE-82C580C57FF6}"
EndProject
Global
	GlobalSection(SolutionConfigurationPlatforms) = preSolution
		Debug|x64 = Debug|x64
		Debug|x86 = Debug|x86
		Release|x64 = Release|x64
		Release|x86 = Release|x86
	EndGlobalSection
	GlobalSection(ProjectConfigurationPlatforms) = postSolution
		{08A4BE98-699B-45CB-8507-8922F2515DE0}.Debug|x64.ActiveCfg = Debug|x64
		{08A4BE98-699B-45CB-8507-8922F2515DE0}.Debug|x64.Build.0 = Debug|x64
		{08A4BE98-699B-45CB-8507-8922F2515DE0}.Debug|x86.ActiveCfg = Debug|Win32
		{08A4BE98-699B-45CB-8507-8922F2515DE0}.Debug|x86.Build.0 = Debug|Win32
		{08A4BE98-699B-45CB-8507-8922F2515DE0}.Release|x64.ActiveCfg = Release|x64
		{08A4BE98-699B-45CB-8507-8922F2515DE0}.Release|x64.Build.0 = Release|x64
		{08A4BE98-699B-45CB-8507-8922F2515DE0}.Release|x86.ActiveCfg = Release|Win32
		{08A4BE98-699B-45CB-8507-8922F2515DE0}.Release|x86.Build.0 = Release|Win32
		{1A245B20-FBCA-46FF-B0AE-82C580C57FF6}.Debug|x64.ActiveCfg = Debug|x64
		{1A245B20-FBCA-46FF-B0AE-82C580C57FF6}.Debug|x64.Build.0 = Debug|x64
		{1A245B20-FBCA-46FF-B0AE-82C580C57FF6}.Debug|x86.ActiveCfg = Debug|Win32
		{1A245B20-FBCA-46FF-B0AE-82C580C57FF6}.Debug|x86.Build.0 = Debug|Win32
		{1A245B20-FBCA-46FF-B0AE-82C580C57FF6}.Release|x64.ActiveCfg = Release|x64
		{1A245B20-FBCA-46FF-B0AE-82C580C57FF6}.Release|x64.Build.0 = Release|x64
		{1A245B20-FBCA-46FF-B0AE-82C580C57FF6}.Release|x86.ActiveCfg = Release|Win32
		{1A245B20-FBCA-46FF-B0AE-82C580C57FF6}.Release|x86.Build.0 = Release|Win32
	EndGlobalSection
	GlobalSection(SolutionProperties) = preSolution
		HideSolutionNode = FALSE
	EndGlobalSection
	GlobalSection(ExtensibilityGlobals) = postSolution
		SolutionGuid = {AF6EE93C-0767-4AF8-8C7E-240A2B97F3E2}
	EndGlobalSection
EndGlobal
