
Microsoft Visual Studio Solution File, Format Version 12.00
# Visual Studio Version 16
VisualStudioVersion = 16.0.30804.86
MinimumVisualStudioVersion = 10.0.40219.1
Project("{8BC9CEB8-8B4A-11D0-8D11-00A0C91BC942}") = "workshop1_lab", "workshop1_lab.vcxproj", "{BCE922DD-BC42-409C-8BE3-5F4437DEA95D}"
EndProject
Project("{8BC9CEB8-8B4A-11D0-8D11-00A0C91BC942}") = "doItyourself", "..\doItyourself\doItyourself.vcxproj", "{E7B74918-7EC0-4B97-8DAD-B134E3FCED1A}"
EndProject
Global
	GlobalSection(SolutionConfigurationPlatforms) = preSolution
		Debug|x64 = Debug|x64
		Debug|x86 = Debug|x86
		Release|x64 = Release|x64
		Release|x86 = Release|x86
	EndGlobalSection
	GlobalSection(ProjectConfigurationPlatforms) = postSolution
		{BCE922DD-BC42-409C-8BE3-5F4437DEA95D}.Debug|x64.ActiveCfg = Debug|x64
		{BCE922DD-BC42-409C-8BE3-5F4437DEA95D}.Debug|x64.Build.0 = Debug|x64
		{BCE922DD-BC42-409C-8BE3-5F4437DEA95D}.Debug|x86.ActiveCfg = Debug|Win32
		{BCE922DD-BC42-409C-8BE3-5F4437DEA95D}.Debug|x86.Build.0 = Debug|Win32
		{BCE922DD-BC42-409C-8BE3-5F4437DEA95D}.Release|x64.ActiveCfg = Release|x64
		{BCE922DD-BC42-409C-8BE3-5F4437DEA95D}.Release|x64.Build.0 = Release|x64
		{BCE922DD-BC42-409C-8BE3-5F4437DEA95D}.Release|x86.ActiveCfg = Release|Win32
		{BCE922DD-BC42-409C-8BE3-5F4437DEA95D}.Release|x86.Build.0 = Release|Win32
		{E7B74918-7EC0-4B97-8DAD-B134E3FCED1A}.Debug|x64.ActiveCfg = Debug|x64
		{E7B74918-7EC0-4B97-8DAD-B134E3FCED1A}.Debug|x64.Build.0 = Debug|x64
		{E7B74918-7EC0-4B97-8DAD-B134E3FCED1A}.Debug|x86.ActiveCfg = Debug|Win32
		{E7B74918-7EC0-4B97-8DAD-B134E3FCED1A}.Debug|x86.Build.0 = Debug|Win32
		{E7B74918-7EC0-4B97-8DAD-B134E3FCED1A}.Release|x64.ActiveCfg = Release|x64
		{E7B74918-7EC0-4B97-8DAD-B134E3FCED1A}.Release|x64.Build.0 = Release|x64
		{E7B74918-7EC0-4B97-8DAD-B134E3FCED1A}.Release|x86.ActiveCfg = Release|Win32
		{E7B74918-7EC0-4B97-8DAD-B134E3FCED1A}.Release|x86.Build.0 = Release|Win32
	EndGlobalSection
	GlobalSection(SolutionProperties) = preSolution
		HideSolutionNode = FALSE
	EndGlobalSection
	GlobalSection(ExtensibilityGlobals) = postSolution
		SolutionGuid = {16691968-F8BC-420D-87BC-BDFB066E4F43}
	EndGlobalSection
EndGlobal
